{
  "nodes": {
    "flakever": {
      "locked": {
        "path": "../..",
        "type": "path"
      },
      "original": {
        "path": "../..",
        "type": "path"
      },
      "parent": []
    },
    "flakever-dev": {
      "locked": {
        "lastModified": 1751189100,
        "narHash": "sha256-4L3cqlUnLlzBKdfN96dCtA4Y04ziZy/52tQqrLviXbY=",
        "owner": "numinit",
        "repo": "flakever-example-version",
        "rev": "4d3d04f950be2adf89c27cf59a0a0105dd6cddaf",
        "type": "github"
      },
      "original": {
        "owner": "numinit",
        "ref": "dev",
        "repo": "flakever-example-version",
        "type": "github"
      }
    },
    "flakever-main": {
      "locked": {
        "lastModified": 1751189112,
        "narHash": "sha256-qkdrlxuQ2L/uUYlSaMqspGYVFjU17EDvLCpky9BFomk=",
        "owner": "numinit",
        "repo": "flakever-example-version",
        "rev": "1e12ecf723f6bce101f2af8375f576258461b986",
        "type": "github"
      },
      "original": {
        "owner": "numinit",
        "ref": "main",
        "repo": "flakever-example-version",
        "type": "github"
      }
    },
    "flakever-prod": {
      "locked": {
        "lastModified": 1751189119,
        "narHash": "sha256-MJ/sl3TShEXDiNsOpIkLWe6h4RywMvSKNV45AZRTcew=",
        "owner": "numinit",
        "repo": "flakever-example-version",
        "rev": "be9aec657895e87decd49e4c711cc095f3c4f7c8",
        "type": "github"
      },
      "original": {
        "owner": "numinit",
        "ref": "prod",
        "repo": "flakever-example-version",
        "type": "github"
      }
    },
    "nixpkgs": {
      "locked": {
        "lastModified": 1763283776,
        "narHash": "sha256-Y7TDFPK4GlqrKrivOcsHG8xSGqQx3A6c+i7novT85Uk=",
        "owner": "NixOS",
        "repo": "nixpkgs",
        "rev": "50a96edd8d0db6cc8db57dab6bb6d6ee1f3dc49a",
        "type": "github"
      },
      "original": {
        "owner": "NixOS",
        "ref": "nixos-unstable",
        "repo": "nixpkgs",
        "type": "github"
      }
    },
    "root": {
      "inputs": {
        "flakever": "flakever",
        "flakever-dev": "flakever-dev",
        "flakever-main": "flakever-main",
        "flakever-prod": "flakever-prod",
        "nixpkgs": "nixpkgs"
      }
    }
  },
  "root": "root",
  "version": 7
}
