{
  "nodes": {
    "flakever": {
      "locked": {
        "lastModified": 0,
        "narHash": "sha256-crVlfBtEzKo6ixqj81BiuIhaJ2xvPOwqiDoXGerv0L4=",
        "path": "/nix/store/zz7bqnqb730l68xjyqg5pygaxbnj8pfg-source",
        "type": "path"
      },
      "original": {
        "path": "/nix/store/zz7bqnqb730l68xjyqg5pygaxbnj8pfg-source",
        "type": "path"
      }
    },
    "flakever-dev": {
      "locked": {
        "lastModified": 1751180548,
        "narHash": "sha256-wsXYRGfdDUvwb0gxwE1Hxd67ezsxmV8YmSVGGwHwFrA=",
        "owner": "numinit",
        "repo": "flakever-example-version",
        "rev": "4d8e76a387c3fecc55bd176e63d1aa12d1c02b85",
        "type": "github"
      },
      "original": {
        "owner": "numinit",
        "ref": "dev",
        "repo": "flakever-example-version",
        "type": "github"
      }
    },
    "flakever-main": {
      "locked": {
        "lastModified": 1751180565,
        "narHash": "sha256-sPfxo83zNFxQz94P5CpL9rlX6TgcUosluy6FEIDdx+Q=",
        "owner": "numinit",
        "repo": "flakever-example-version",
        "rev": "8f83a99897bc16b3b4e74e7c435d4beeb5c4c3aa",
        "type": "github"
      },
      "original": {
        "owner": "numinit",
        "ref": "main",
        "repo": "flakever-example-version",
        "type": "github"
      }
    },
    "flakever-prod": {
      "locked": {
        "lastModified": 1751180524,
        "narHash": "sha256-tVhup5XHct8eSxkArUodA1k7qiqJzIhQCbf9xblbWlU=",
        "owner": "numinit",
        "repo": "flakever-example-version",
        "rev": "d904d37871ce86c00c063f28ab207af8efd862ce",
        "type": "github"
      },
      "original": {
        "owner": "numinit",
        "ref": "prod",
        "repo": "flakever-example-version",
        "type": "github"
      }
    },
    "nixpkgs": {
      "locked": {
        "lastModified": 1751011381,
        "narHash": "sha256-krGXKxvkBhnrSC/kGBmg5MyupUUT5R6IBCLEzx9jhMM=",
        "owner": "NixOS",
        "repo": "nixpkgs",
        "rev": "30e2e2857ba47844aa71991daa6ed1fc678bcbb7",
        "type": "github"
      },
      "original": {
        "owner": "NixOS",
        "ref": "nixos-unstable",
        "repo": "nixpkgs",
        "type": "github"
      }
    },
    "root": {
      "inputs": {
        "flakever": "flakever",
        "flakever-dev": "flakever-dev",
        "flakever-main": "flakever-main",
        "flakever-prod": "flakever-prod",
        "nixpkgs": "nixpkgs"
      }
    }
  },
  "root": "root",
  "version": 7
}
