{
  "nodes": {
    "flakever": {
      "locked": {
        "lastModified": 0,
        "narHash": "sha256-JtXr6noos6xM2n+rOvP+7oWpLy+AXDDMafolXzGVpyo=",
        "path": "/nix/store/w70037j9q2s5d17h8bnpryywq2q5wi7c-source",
        "type": "path"
      },
      "original": {
        "path": "/nix/store/w70037j9q2s5d17h8bnpryywq2q5wi7c-source",
        "type": "path"
      }
    },
    "nixpkgs": {
      "locked": {
        "lastModified": 1751011381,
        "narHash": "sha256-krGXKxvkBhnrSC/kGBmg5MyupUUT5R6IBCLEzx9jhMM=",
        "owner": "NixOS",
        "repo": "nixpkgs",
        "rev": "30e2e2857ba47844aa71991daa6ed1fc678bcbb7",
        "type": "github"
      },
      "original": {
        "owner": "NixOS",
        "ref": "nixos-unstable",
        "repo": "nixpkgs",
        "type": "github"
      }
    },
    "root": {
      "inputs": {
        "flakever": "flakever",
        "nixpkgs": "nixpkgs"
      }
    }
  },
  "root": "root",
  "version": 7
}
