{
  "nodes": {
    "flakever": {
      "locked": {
        "lastModified": 0,
        "narHash": "sha256-1pqFIIIZWoHdN8BraXdVj4dpG0RyjkE6UxhrRYs2jC0=",
        "path": "/nix/store/daxd3ssp1jgwgzx3nv8pq35ssdmg1mxa-source",
        "type": "path"
      },
      "original": {
        "path": "/nix/store/daxd3ssp1jgwgzx3nv8pq35ssdmg1mxa-source",
        "type": "path"
      }
    },
    "nixpkgs": {
      "locked": {
        "lastModified": 1750776420,
        "narHash": "sha256-/CG+w0o0oJ5itVklOoLbdn2dGB0wbZVOoDm4np6w09A=",
        "owner": "NixOS",
        "repo": "nixpkgs",
        "rev": "30a61f056ac492e3b7cdcb69c1e6abdcf00e39cf",
        "type": "github"
      },
      "original": {
        "owner": "NixOS",
        "ref": "nixos-unstable",
        "repo": "nixpkgs",
        "type": "github"
      }
    },
    "root": {
      "inputs": {
        "flakever": "flakever",
        "nixpkgs": "nixpkgs"
      }
    }
  },
  "root": "root",
  "version": 7
}
